// !$*UTF8*$!
{
	archiveVersion = 1;
	classes = {
	};
	objectVersion = 55;
	objects = {

/* Begin PBXBuildFile section */
		9D69DF66E2326DC227A38CC3 /* Pods_CatsApp.framework in Frameworks */ = {isa = PBXBuildFile; fileRef = 5EAB8C3309D4CD756773E7DC /* Pods_CatsApp.framework */; };
		D2487F742996C52E0023788E /* CatCollectionViewCell.swift in Sources */ = {isa = PBXBuildFile; fileRef = D2487F732996C52E0023788E /* CatCollectionViewCell.swift */; };
		D2487F792996C9030023788E /* UIExtensions.swift in Sources */ = {isa = PBXBuildFile; fileRef = D2487F782996C9030023788E /* UIExtensions.swift */; };
		D2CA54672994266F0063986A /* AppDelegate.swift in Sources */ = {isa = PBXBuildFile; fileRef = D2CA54662994266F0063986A /* AppDelegate.swift */; };
		D2CA54692994266F0063986A /* SceneDelegate.swift in Sources */ = {isa = PBXBuildFile; fileRef = D2CA54682994266F0063986A /* SceneDelegate.swift */; };
		D2CA546B2994266F0063986A /* BreedsViewController.swift in Sources */ = {isa = PBXBuildFile; fileRef = D2CA546A2994266F0063986A /* BreedsViewController.swift */; };
		D2CA5470299426730063986A /* Assets.xcassets in Resources */ = {isa = PBXBuildFile; fileRef = D2CA546F299426730063986A /* Assets.xcassets */; };
		D2CA5473299426730063986A /* LaunchScreen.storyboard in Resources */ = {isa = PBXBuildFile; fileRef = D2CA5471299426730063986A /* LaunchScreen.storyboard */; };
		D2CA547E299426740063986A /* CatsAppTests.swift in Sources */ = {isa = PBXBuildFile; fileRef = D2CA547D299426740063986A /* CatsAppTests.swift */; };
		D2CA5488299426740063986A /* CatsAppUITests.swift in Sources */ = {isa = PBXBuildFile; fileRef = D2CA5487299426740063986A /* CatsAppUITests.swift */; };
		D2CA548A299426750063986A /* CatsAppUITestsLaunchTests.swift in Sources */ = {isa = PBXBuildFile; fileRef = D2CA5489299426750063986A /* CatsAppUITestsLaunchTests.swift */; };
		D2CA549B299477B60063986A /* EndPoint.swift in Sources */ = {isa = PBXBuildFile; fileRef = D2CA549A299477B60063986A /* EndPoint.swift */; };
		D2CA549D29947A3B0063986A /* HTTPMethod.swift in Sources */ = {isa = PBXBuildFile; fileRef = D2CA549C29947A3B0063986A /* HTTPMethod.swift */; };
		D2CA549F2994861E0063986A /* HTTPTask.swift in Sources */ = {isa = PBXBuildFile; fileRef = D2CA549E2994861E0063986A /* HTTPTask.swift */; };
		D2CA54A229948F310063986A /* ParameterEncoding.swift in Sources */ = {isa = PBXBuildFile; fileRef = D2CA54A129948F310063986A /* ParameterEncoding.swift */; };
		D2CA54A42994913D0063986A /* JSONParameterEncoder.swift in Sources */ = {isa = PBXBuildFile; fileRef = D2CA54A32994913D0063986A /* JSONParameterEncoder.swift */; };
		D2CA54A6299495540063986A /* URLPameterEncoder.swift in Sources */ = {isa = PBXBuildFile; fileRef = D2CA54A5299495540063986A /* URLPameterEncoder.swift */; };
		D2CA54A829949C110063986A /* NetworkRouter.swift in Sources */ = {isa = PBXBuildFile; fileRef = D2CA54A729949C100063986A /* NetworkRouter.swift */; };
		D2CA54AB2994BA590063986A /* MainEndPoint.swift in Sources */ = {isa = PBXBuildFile; fileRef = D2CA54AA2994BA590063986A /* MainEndPoint.swift */; };
		D2CA54AF29952BF50063986A /* Router.swift in Sources */ = {isa = PBXBuildFile; fileRef = D2CA54AE29952BF50063986A /* Router.swift */; };
		D2CA54B2299532370063986A /* BreedsService.swift in Sources */ = {isa = PBXBuildFile; fileRef = D2CA54B1299532370063986A /* BreedsService.swift */; };
		D2CA54B5299532CA0063986A /* Breeds.swift in Sources */ = {isa = PBXBuildFile; fileRef = D2CA54B4299532CA0063986A /* Breeds.swift */; };
		D2CA54B8299536460063986A /* APIError.swift in Sources */ = {isa = PBXBuildFile; fileRef = D2CA54B7299536460063986A /* APIError.swift */; };
		D2CA54BA29955D180063986A /* NetworkError.swift in Sources */ = {isa = PBXBuildFile; fileRef = D2CA54B929955D180063986A /* NetworkError.swift */; };
		D2CA54BC29955EFA0063986A /* BreedImage.swift in Sources */ = {isa = PBXBuildFile; fileRef = D2CA54BB29955EFA0063986A /* BreedImage.swift */; };
		D2CA54BE29955F4B0063986A /* BreedImageService.swift in Sources */ = {isa = PBXBuildFile; fileRef = D2CA54BD29955F4B0063986A /* BreedImageService.swift */; };
		D2CA54C4299625590063986A /* BreedsPresenter.swift in Sources */ = {isa = PBXBuildFile; fileRef = D2CA54C3299625590063986A /* BreedsPresenter.swift */; };
		D2CA54C729962C270063986A /* ModuleBuilder.swift in Sources */ = {isa = PBXBuildFile; fileRef = D2CA54C629962C270063986A /* ModuleBuilder.swift */; };
		EA7DB2D09863E4F424D2EFD2 /* Pods_CatsApp_CatsAppUITests.framework in Frameworks */ = {isa = PBXBuildFile; fileRef = 63EE655EEAB93A32581F3766 /* Pods_CatsApp_CatsAppUITests.framework */; };
		EEF58522F16F2271806384A0 /* Pods_CatsAppTests.framework in Frameworks */ = {isa = PBXBuildFile; fileRef = 523A34AFFD727655516D4032 /* Pods_CatsAppTests.framework */; };
/* End PBXBuildFile section */

/* Begin PBXContainerItemProxy section */
		D2CA547A299426740063986A /* PBXContainerItemProxy */ = {
			isa = PBXContainerItemProxy;
			containerPortal = D2CA545B2994266F0063986A /* Project object */;
			proxyType = 1;
			remoteGlobalIDString = D2CA54622994266F0063986A;
			remoteInfo = CatsApp;
		};
		D2CA5484299426740063986A /* PBXContainerItemProxy */ = {
			isa = PBXContainerItemProxy;
			containerPortal = D2CA545B2994266F0063986A /* Project object */;
			proxyType = 1;
			remoteGlobalIDString = D2CA54622994266F0063986A;
			remoteInfo = CatsApp;
		};
/* End PBXContainerItemProxy section */

/* Begin PBXFileReference section */
		36A1B93FE86F2FF83E898769 /* Pods-CatsApp.release.xcconfig */ = {isa = PBXFileReference; includeInIndex = 1; lastKnownFileType = text.xcconfig; name = "Pods-CatsApp.release.xcconfig"; path = "Target Support Files/Pods-CatsApp/Pods-CatsApp.release.xcconfig"; sourceTree = "<group>"; };
		523A34AFFD727655516D4032 /* Pods_CatsAppTests.framework */ = {isa = PBXFileReference; explicitFileType = wrapper.framework; includeInIndex = 0; path = Pods_CatsAppTests.framework; sourceTree = BUILT_PRODUCTS_DIR; };
		5EAB8C3309D4CD756773E7DC /* Pods_CatsApp.framework */ = {isa = PBXFileReference; explicitFileType = wrapper.framework; includeInIndex = 0; path = Pods_CatsApp.framework; sourceTree = BUILT_PRODUCTS_DIR; };
		63EE655EEAB93A32581F3766 /* Pods_CatsApp_CatsAppUITests.framework */ = {isa = PBXFileReference; explicitFileType = wrapper.framework; includeInIndex = 0; path = Pods_CatsApp_CatsAppUITests.framework; sourceTree = BUILT_PRODUCTS_DIR; };
		643C13AA7C895E47B052E4A6 /* Pods-CatsApp-CatsAppUITests.release.xcconfig */ = {isa = PBXFileReference; includeInIndex = 1; lastKnownFileType = text.xcconfig; name = "Pods-CatsApp-CatsAppUITests.release.xcconfig"; path = "Target Support Files/Pods-CatsApp-CatsAppUITests/Pods-CatsApp-CatsAppUITests.release.xcconfig"; sourceTree = "<group>"; };
		A5AFA7753EBCF7FAC87BF561 /* Pods-CatsAppTests.debug.xcconfig */ = {isa = PBXFileReference; includeInIndex = 1; lastKnownFileType = text.xcconfig; name = "Pods-CatsAppTests.debug.xcconfig"; path = "Target Support Files/Pods-CatsAppTests/Pods-CatsAppTests.debug.xcconfig"; sourceTree = "<group>"; };
		B3F55BA96F9FEA2A7D7BDC66 /* Pods-CatsApp-CatsAppUITests.debug.xcconfig */ = {isa = PBXFileReference; includeInIndex = 1; lastKnownFileType = text.xcconfig; name = "Pods-CatsApp-CatsAppUITests.debug.xcconfig"; path = "Target Support Files/Pods-CatsApp-CatsAppUITests/Pods-CatsApp-CatsAppUITests.debug.xcconfig"; sourceTree = "<group>"; };
		D2487F732996C52E0023788E /* CatCollectionViewCell.swift */ = {isa = PBXFileReference; lastKnownFileType = sourcecode.swift; path = CatCollectionViewCell.swift; sourceTree = "<group>"; };
		D2487F782996C9030023788E /* UIExtensions.swift */ = {isa = PBXFileReference; lastKnownFileType = sourcecode.swift; path = UIExtensions.swift; sourceTree = "<group>"; };
		D2CA54632994266F0063986A /* CatsApp.app */ = {isa = PBXFileReference; explicitFileType = wrapper.application; includeInIndex = 0; path = CatsApp.app; sourceTree = BUILT_PRODUCTS_DIR; };
		D2CA54662994266F0063986A /* AppDelegate.swift */ = {isa = PBXFileReference; lastKnownFileType = sourcecode.swift; path = AppDelegate.swift; sourceTree = "<group>"; };
		D2CA54682994266F0063986A /* SceneDelegate.swift */ = {isa = PBXFileReference; lastKnownFileType = sourcecode.swift; path = SceneDelegate.swift; sourceTree = "<group>"; };
		D2CA546A2994266F0063986A /* BreedsViewController.swift */ = {isa = PBXFileReference; lastKnownFileType = sourcecode.swift; path = BreedsViewController.swift; sourceTree = "<group>"; };
		D2CA546F299426730063986A /* Assets.xcassets */ = {isa = PBXFileReference; lastKnownFileType = folder.assetcatalog; path = Assets.xcassets; sourceTree = "<group>"; };
		D2CA5472299426730063986A /* Base */ = {isa = PBXFileReference; lastKnownFileType = file.storyboard; name = Base; path = Base.lproj/LaunchScreen.storyboard; sourceTree = "<group>"; };
		D2CA5474299426730063986A /* Info.plist */ = {isa = PBXFileReference; lastKnownFileType = text.plist.xml; path = Info.plist; sourceTree = "<group>"; };
		D2CA5479299426740063986A /* CatsAppTests.xctest */ = {isa = PBXFileReference; explicitFileType = wrapper.cfbundle; includeInIndex = 0; path = CatsAppTests.xctest; sourceTree = BUILT_PRODUCTS_DIR; };
		D2CA547D299426740063986A /* CatsAppTests.swift */ = {isa = PBXFileReference; lastKnownFileType = sourcecode.swift; path = CatsAppTests.swift; sourceTree = "<group>"; };
		D2CA5483299426740063986A /* CatsAppUITests.xctest */ = {isa = PBXFileReference; explicitFileType = wrapper.cfbundle; includeInIndex = 0; path = CatsAppUITests.xctest; sourceTree = BUILT_PRODUCTS_DIR; };
		D2CA5487299426740063986A /* CatsAppUITests.swift */ = {isa = PBXFileReference; lastKnownFileType = sourcecode.swift; path = CatsAppUITests.swift; sourceTree = "<group>"; };
		D2CA5489299426750063986A /* CatsAppUITestsLaunchTests.swift */ = {isa = PBXFileReference; lastKnownFileType = sourcecode.swift; path = CatsAppUITestsLaunchTests.swift; sourceTree = "<group>"; };
		D2CA549A299477B60063986A /* EndPoint.swift */ = {isa = PBXFileReference; lastKnownFileType = sourcecode.swift; path = EndPoint.swift; sourceTree = "<group>"; };
		D2CA549C29947A3B0063986A /* HTTPMethod.swift */ = {isa = PBXFileReference; lastKnownFileType = sourcecode.swift; path = HTTPMethod.swift; sourceTree = "<group>"; };
		D2CA549E2994861E0063986A /* HTTPTask.swift */ = {isa = PBXFileReference; lastKnownFileType = sourcecode.swift; path = HTTPTask.swift; sourceTree = "<group>"; };
		D2CA54A129948F310063986A /* ParameterEncoding.swift */ = {isa = PBXFileReference; lastKnownFileType = sourcecode.swift; path = ParameterEncoding.swift; sourceTree = "<group>"; };
		D2CA54A32994913D0063986A /* JSONParameterEncoder.swift */ = {isa = PBXFileReference; lastKnownFileType = sourcecode.swift; path = JSONParameterEncoder.swift; sourceTree = "<group>"; };
		D2CA54A5299495540063986A /* URLPameterEncoder.swift */ = {isa = PBXFileReference; lastKnownFileType = sourcecode.swift; path = URLPameterEncoder.swift; sourceTree = "<group>"; };
		D2CA54A729949C100063986A /* NetworkRouter.swift */ = {isa = PBXFileReference; lastKnownFileType = sourcecode.swift; path = NetworkRouter.swift; sourceTree = "<group>"; };
		D2CA54AA2994BA590063986A /* MainEndPoint.swift */ = {isa = PBXFileReference; lastKnownFileType = sourcecode.swift; path = MainEndPoint.swift; sourceTree = "<group>"; };
		D2CA54AE29952BF50063986A /* Router.swift */ = {isa = PBXFileReference; lastKnownFileType = sourcecode.swift; path = Router.swift; sourceTree = "<group>"; };
		D2CA54B1299532370063986A /* BreedsService.swift */ = {isa = PBXFileReference; lastKnownFileType = sourcecode.swift; path = BreedsService.swift; sourceTree = "<group>"; };
		D2CA54B4299532CA0063986A /* Breeds.swift */ = {isa = PBXFileReference; lastKnownFileType = sourcecode.swift; path = Breeds.swift; sourceTree = "<group>"; };
		D2CA54B7299536460063986A /* APIError.swift */ = {isa = PBXFileReference; lastKnownFileType = sourcecode.swift; path = APIError.swift; sourceTree = "<group>"; };
		D2CA54B929955D180063986A /* NetworkError.swift */ = {isa = PBXFileReference; lastKnownFileType = sourcecode.swift; path = NetworkError.swift; sourceTree = "<group>"; };
		D2CA54BB29955EFA0063986A /* BreedImage.swift */ = {isa = PBXFileReference; lastKnownFileType = sourcecode.swift; path = BreedImage.swift; sourceTree = "<group>"; };
		D2CA54BD29955F4B0063986A /* BreedImageService.swift */ = {isa = PBXFileReference; lastKnownFileType = sourcecode.swift; path = BreedImageService.swift; sourceTree = "<group>"; };
		D2CA54C3299625590063986A /* BreedsPresenter.swift */ = {isa = PBXFileReference; lastKnownFileType = sourcecode.swift; path = BreedsPresenter.swift; sourceTree = "<group>"; };
		D2CA54C629962C270063986A /* ModuleBuilder.swift */ = {isa = PBXFileReference; lastKnownFileType = sourcecode.swift; path = ModuleBuilder.swift; sourceTree = "<group>"; };
		E46935F78D802FB207525EE3 /* Pods-CatsApp.debug.xcconfig */ = {isa = PBXFileReference; includeInIndex = 1; lastKnownFileType = text.xcconfig; name = "Pods-CatsApp.debug.xcconfig"; path = "Target Support Files/Pods-CatsApp/Pods-CatsApp.debug.xcconfig"; sourceTree = "<group>"; };
		F9015E5D96111AD280F192B0 /* Pods-CatsAppTests.release.xcconfig */ = {isa = PBXFileReference; includeInIndex = 1; lastKnownFileType = text.xcconfig; name = "Pods-CatsAppTests.release.xcconfig"; path = "Target Support Files/Pods-CatsAppTests/Pods-CatsAppTests.release.xcconfig"; sourceTree = "<group>"; };
/* End PBXFileReference section */

/* Begin PBXFrameworksBuildPhase section */
		D2CA54602994266F0063986A /* Frameworks */ = {
			isa = PBXFrameworksBuildPhase;
			buildActionMask = 2147483647;
			files = (
				9D69DF66E2326DC227A38CC3 /* Pods_CatsApp.framework in Frameworks */,
			);
			runOnlyForDeploymentPostprocessing = 0;
		};
		D2CA5476299426740063986A /* Frameworks */ = {
			isa = PBXFrameworksBuildPhase;
			buildActionMask = 2147483647;
			files = (
				EEF58522F16F2271806384A0 /* Pods_CatsAppTests.framework in Frameworks */,
			);
			runOnlyForDeploymentPostprocessing = 0;
		};
		D2CA5480299426740063986A /* Frameworks */ = {
			isa = PBXFrameworksBuildPhase;
			buildActionMask = 2147483647;
			files = (
				EA7DB2D09863E4F424D2EFD2 /* Pods_CatsApp_CatsAppUITests.framework in Frameworks */,
			);
			runOnlyForDeploymentPostprocessing = 0;
		};
/* End PBXFrameworksBuildPhase section */

/* Begin PBXGroup section */
		D2487F712996C4F90023788E /* View */ = {
			isa = PBXGroup;
			children = (
				D2487F732996C52E0023788E /* CatCollectionViewCell.swift */,
				D2CA546A2994266F0063986A /* BreedsViewController.swift */,
			);
			path = View;
			sourceTree = "<group>";
		};
		D2487F722996C5030023788E /* Presenter */ = {
			isa = PBXGroup;
			children = (
				D2CA54C3299625590063986A /* BreedsPresenter.swift */,
			);
			path = Presenter;
			sourceTree = "<group>";
		};
		D2487F752996C87D0023788E /* Helpers */ = {
			isa = PBXGroup;
			children = (
				D2487F762996C8BC0023788E /* Extensions */,
			);
			path = Helpers;
			sourceTree = "<group>";
		};
		D2487F762996C8BC0023788E /* Extensions */ = {
			isa = PBXGroup;
			children = (
				D2487F782996C9030023788E /* UIExtensions.swift */,
			);
			path = Extensions;
			sourceTree = "<group>";
		};
		D2CA545A2994266F0063986A = {
			isa = PBXGroup;
			children = (
				D2CA54652994266F0063986A /* CatsApp */,
				D2CA547C299426740063986A /* CatsAppTests */,
				D2CA5486299426740063986A /* CatsAppUITests */,
				D2CA54642994266F0063986A /* Products */,
				E4373BB1EF20AD592234216C /* Pods */,
				EFDF6E133734F33C11094ACB /* Frameworks */,
			);
			sourceTree = "<group>";
		};
		D2CA54642994266F0063986A /* Products */ = {
			isa = PBXGroup;
			children = (
				D2CA54632994266F0063986A /* CatsApp.app */,
				D2CA5479299426740063986A /* CatsAppTests.xctest */,
				D2CA5483299426740063986A /* CatsAppUITests.xctest */,
			);
			name = Products;
			sourceTree = "<group>";
		};
		D2CA54652994266F0063986A /* CatsApp */ = {
			isa = PBXGroup;
			children = (
				D2CA5496299427C80063986A /* Application */,
				D2CA54C529962BB80063986A /* Assembly */,
				D2487F752996C87D0023788E /* Helpers */,
				D2CA54C1299624F40063986A /* Modules */,
				D2CA54B3299532A90063986A /* DataLayers */,
				D2CA549729943A600063986A /* ServiceLayers */,
				D2CA546F299426730063986A /* Assets.xcassets */,
				D2CA5471299426730063986A /* LaunchScreen.storyboard */,
				D2CA5474299426730063986A /* Info.plist */,
			);
			path = CatsApp;
			sourceTree = "<group>";
		};
		D2CA547C299426740063986A /* CatsAppTests */ = {
			isa = PBXGroup;
			children = (
				D2CA547D299426740063986A /* CatsAppTests.swift */,
			);
			path = CatsAppTests;
			sourceTree = "<group>";
		};
		D2CA5486299426740063986A /* CatsAppUITests */ = {
			isa = PBXGroup;
			children = (
				D2CA5487299426740063986A /* CatsAppUITests.swift */,
				D2CA5489299426750063986A /* CatsAppUITestsLaunchTests.swift */,
			);
			path = CatsAppUITests;
			sourceTree = "<group>";
		};
		D2CA5496299427C80063986A /* Application */ = {
			isa = PBXGroup;
			children = (
				D2CA54662994266F0063986A /* AppDelegate.swift */,
				D2CA54682994266F0063986A /* SceneDelegate.swift */,
			);
			path = Application;
			sourceTree = "<group>";
		};
		D2CA549729943A600063986A /* ServiceLayers */ = {
			isa = PBXGroup;
			children = (
				D2CA54B0299531CA0063986A /* ModelServices */,
				D2CA549829943F8C0063986A /* NetworkLayer */,
			);
			path = ServiceLayers;
			sourceTree = "<group>";
		};
		D2CA549829943F8C0063986A /* NetworkLayer */ = {
			isa = PBXGroup;
			children = (
				D2CA54A92994BA2F0063986A /* EndPoint */,
				D2CA54A029948EE10063986A /* Encoding */,
				D2CA54992994401F0063986A /* Service */,
				D2CA54B6299535B40063986A /* Helpers */,
			);
			path = NetworkLayer;
			sourceTree = "<group>";
		};
		D2CA54992994401F0063986A /* Service */ = {
			isa = PBXGroup;
			children = (
				D2CA549A299477B60063986A /* EndPoint.swift */,
				D2CA549C29947A3B0063986A /* HTTPMethod.swift */,
				D2CA549E2994861E0063986A /* HTTPTask.swift */,
				D2CA54A729949C100063986A /* NetworkRouter.swift */,
				D2CA54AE29952BF50063986A /* Router.swift */,
			);
			path = Service;
			sourceTree = "<group>";
		};
		D2CA54A029948EE10063986A /* Encoding */ = {
			isa = PBXGroup;
			children = (
				D2CA54A129948F310063986A /* ParameterEncoding.swift */,
				D2CA54A5299495540063986A /* URLPameterEncoder.swift */,
				D2CA54A32994913D0063986A /* JSONParameterEncoder.swift */,
			);
			path = Encoding;
			sourceTree = "<group>";
		};
		D2CA54A92994BA2F0063986A /* EndPoint */ = {
			isa = PBXGroup;
			children = (
				D2CA54AA2994BA590063986A /* MainEndPoint.swift */,
			);
			path = EndPoint;
			sourceTree = "<group>";
		};
		D2CA54B0299531CA0063986A /* ModelServices */ = {
			isa = PBXGroup;
			children = (
				D2CA54B1299532370063986A /* BreedsService.swift */,
				D2CA54BD29955F4B0063986A /* BreedImageService.swift */,
			);
			path = ModelServices;
			sourceTree = "<group>";
		};
		D2CA54B3299532A90063986A /* DataLayers */ = {
			isa = PBXGroup;
			children = (
				D2CA54B4299532CA0063986A /* Breeds.swift */,
				D2CA54BB29955EFA0063986A /* BreedImage.swift */,
			);
			path = DataLayers;
			sourceTree = "<group>";
		};
		D2CA54B6299535B40063986A /* Helpers */ = {
			isa = PBXGroup;
			children = (
				D2CA54B7299536460063986A /* APIError.swift */,
				D2CA54B929955D180063986A /* NetworkError.swift */,
			);
			path = Helpers;
			sourceTree = "<group>";
		};
		D2CA54C1299624F40063986A /* Modules */ = {
			isa = PBXGroup;
			children = (
				D2CA54C2299625000063986A /* BreedsModule */,
			);
			path = Modules;
			sourceTree = "<group>";
		};
		D2CA54C2299625000063986A /* BreedsModule */ = {
			isa = PBXGroup;
			children = (
				D2487F712996C4F90023788E /* View */,
				D2487F722996C5030023788E /* Presenter */,
			);
			path = BreedsModule;
			sourceTree = "<group>";
		};
		D2CA54C529962BB80063986A /* Assembly */ = {
			isa = PBXGroup;
			children = (
				D2CA54C629962C270063986A /* ModuleBuilder.swift */,
			);
			path = Assembly;
			sourceTree = "<group>";
		};
		E4373BB1EF20AD592234216C /* Pods */ = {
			isa = PBXGroup;
			children = (
				E46935F78D802FB207525EE3 /* Pods-CatsApp.debug.xcconfig */,
				36A1B93FE86F2FF83E898769 /* Pods-CatsApp.release.xcconfig */,
				B3F55BA96F9FEA2A7D7BDC66 /* Pods-CatsApp-CatsAppUITests.debug.xcconfig */,
				643C13AA7C895E47B052E4A6 /* Pods-CatsApp-CatsAppUITests.release.xcconfig */,
				A5AFA7753EBCF7FAC87BF561 /* Pods-CatsAppTests.debug.xcconfig */,
				F9015E5D96111AD280F192B0 /* Pods-CatsAppTests.release.xcconfig */,
			);
			path = Pods;
			sourceTree = "<group>";
		};
		EFDF6E133734F33C11094ACB /* Frameworks */ = {
			isa = PBXGroup;
			children = (
				5EAB8C3309D4CD756773E7DC /* Pods_CatsApp.framework */,
				63EE655EEAB93A32581F3766 /* Pods_CatsApp_CatsAppUITests.framework */,
				523A34AFFD727655516D4032 /* Pods_CatsAppTests.framework */,
			);
			name = Frameworks;
			sourceTree = "<group>";
		};
/* End PBXGroup section */

/* Begin PBXNativeTarget section */
		D2CA54622994266F0063986A /* CatsApp */ = {
			isa = PBXNativeTarget;
			buildConfigurationList = D2CA548D299426750063986A /* Build configuration list for PBXNativeTarget "CatsApp" */;
			buildPhases = (
				EB14290153E2B3D8A78A7003 /* [CP] Check Pods Manifest.lock */,
				D2CA545F2994266F0063986A /* Sources */,
				D2CA54602994266F0063986A /* Frameworks */,
				D2CA54612994266F0063986A /* Resources */,
				D2CA54C02995FF0A0063986A /* ShellScript */,
				D4344E9486546360D0F2735D /* [CP] Embed Pods Frameworks */,
			);
			buildRules = (
			);
			dependencies = (
			);
			name = CatsApp;
			productName = CatsApp;
			productReference = D2CA54632994266F0063986A /* CatsApp.app */;
			productType = "com.apple.product-type.application";
		};
		D2CA5478299426740063986A /* CatsAppTests */ = {
			isa = PBXNativeTarget;
			buildConfigurationList = D2CA5490299426750063986A /* Build configuration list for PBXNativeTarget "CatsAppTests" */;
			buildPhases = (
				87516B4671A27E7A219D2363 /* [CP] Check Pods Manifest.lock */,
				D2CA5475299426740063986A /* Sources */,
				D2CA5476299426740063986A /* Frameworks */,
				D2CA5477299426740063986A /* Resources */,
			);
			buildRules = (
			);
			dependencies = (
				D2CA547B299426740063986A /* PBXTargetDependency */,
			);
			name = CatsAppTests;
			productName = CatsAppTests;
			productReference = D2CA5479299426740063986A /* CatsAppTests.xctest */;
			productType = "com.apple.product-type.bundle.unit-test";
		};
		D2CA5482299426740063986A /* CatsAppUITests */ = {
			isa = PBXNativeTarget;
			buildConfigurationList = D2CA5493299426750063986A /* Build configuration list for PBXNativeTarget "CatsAppUITests" */;
			buildPhases = (
				064805121C85367366A4DFCB /* [CP] Check Pods Manifest.lock */,
				D2CA547F299426740063986A /* Sources */,
				D2CA5480299426740063986A /* Frameworks */,
				D2CA5481299426740063986A /* Resources */,
				93A5A62A61826E98794794FD /* [CP] Embed Pods Frameworks */,
			);
			buildRules = (
			);
			dependencies = (
				D2CA5485299426740063986A /* PBXTargetDependency */,
			);
			name = CatsAppUITests;
			productName = CatsAppUITests;
			productReference = D2CA5483299426740063986A /* CatsAppUITests.xctest */;
			productType = "com.apple.product-type.bundle.ui-testing";
		};
/* End PBXNativeTarget section */

/* Begin PBXProject section */
		D2CA545B2994266F0063986A /* Project object */ = {
			isa = PBXProject;
			attributes = {
				BuildIndependentTargetsInParallel = 1;
				LastSwiftUpdateCheck = 1320;
				LastUpgradeCheck = 1320;
				TargetAttributes = {
					D2CA54622994266F0063986A = {
						CreatedOnToolsVersion = 13.2.1;
					};
					D2CA5478299426740063986A = {
						CreatedOnToolsVersion = 13.2.1;
						TestTargetID = D2CA54622994266F0063986A;
					};
					D2CA5482299426740063986A = {
						CreatedOnToolsVersion = 13.2.1;
						TestTargetID = D2CA54622994266F0063986A;
					};
				};
			};
			buildConfigurationList = D2CA545E2994266F0063986A /* Build configuration list for PBXProject "CatsApp" */;
			compatibilityVersion = "Xcode 13.0";
			developmentRegion = en;
			hasScannedForEncodings = 0;
			knownRegions = (
				en,
				Base,
			);
			mainGroup = D2CA545A2994266F0063986A;
			productRefGroup = D2CA54642994266F0063986A /* Products */;
			projectDirPath = "";
			projectRoot = "";
			targets = (
				D2CA54622994266F0063986A /* CatsApp */,
				D2CA5478299426740063986A /* CatsAppTests */,
				D2CA5482299426740063986A /* CatsAppUITests */,
			);
		};
/* End PBXProject section */

/* Begin PBXResourcesBuildPhase section */
		D2CA54612994266F0063986A /* Resources */ = {
			isa = PBXResourcesBuildPhase;
			buildActionMask = 2147483647;
			files = (
				D2CA5473299426730063986A /* LaunchScreen.storyboard in Resources */,
				D2CA5470299426730063986A /* Assets.xcassets in Resources */,
			);
			runOnlyForDeploymentPostprocessing = 0;
		};
		D2CA5477299426740063986A /* Resources */ = {
			isa = PBXResourcesBuildPhase;
			buildActionMask = 2147483647;
			files = (
			);
			runOnlyForDeploymentPostprocessing = 0;
		};
		D2CA5481299426740063986A /* Resources */ = {
			isa = PBXResourcesBuildPhase;
			buildActionMask = 2147483647;
			files = (
			);
			runOnlyForDeploymentPostprocessing = 0;
		};
/* End PBXResourcesBuildPhase section */

/* Begin PBXShellScriptBuildPhase section */
		064805121C85367366A4DFCB /* [CP] Check Pods Manifest.lock */ = {
			isa = PBXShellScriptBuildPhase;
			buildActionMask = 2147483647;
			files = (
			);
			inputFileListPaths = (
			);
			inputPaths = (
				"${PODS_PODFILE_DIR_PATH}/Podfile.lock",
				"${PODS_ROOT}/Manifest.lock",
			);
			name = "[CP] Check Pods Manifest.lock";
			outputFileListPaths = (
			);
			outputPaths = (
				"$(DERIVED_FILE_DIR)/Pods-CatsApp-CatsAppUITests-checkManifestLockResult.txt",
			);
			runOnlyForDeploymentPostprocessing = 0;
			shellPath = /bin/sh;
			shellScript = "diff \"${PODS_PODFILE_DIR_PATH}/Podfile.lock\" \"${PODS_ROOT}/Manifest.lock\" > /dev/null\nif [ $? != 0 ] ; then\n    # print error to STDERR\n    echo \"error: The sandbox is not in sync with the Podfile.lock. Run 'pod install' or update your CocoaPods installation.\" >&2\n    exit 1\nfi\n# This output is used by Xcode 'outputs' to avoid re-running this script phase.\necho \"SUCCESS\" > \"${SCRIPT_OUTPUT_FILE_0}\"\n";
			showEnvVarsInLog = 0;
		};
		87516B4671A27E7A219D2363 /* [CP] Check Pods Manifest.lock */ = {
			isa = PBXShellScriptBuildPhase;
			buildActionMask = 2147483647;
			files = (
			);
			inputFileListPaths = (
			);
			inputPaths = (
				"${PODS_PODFILE_DIR_PATH}/Podfile.lock",
				"${PODS_ROOT}/Manifest.lock",
			);
			name = "[CP] Check Pods Manifest.lock";
			outputFileListPaths = (
			);
			outputPaths = (
				"$(DERIVED_FILE_DIR)/Pods-CatsAppTests-checkManifestLockResult.txt",
			);
			runOnlyForDeploymentPostprocessing = 0;
			shellPath = /bin/sh;
			shellScript = "diff \"${PODS_PODFILE_DIR_PATH}/Podfile.lock\" \"${PODS_ROOT}/Manifest.lock\" > /dev/null\nif [ $? != 0 ] ; then\n    # print error to STDERR\n    echo \"error: The sandbox is not in sync with the Podfile.lock. Run 'pod install' or update your CocoaPods installation.\" >&2\n    exit 1\nfi\n# This output is used by Xcode 'outputs' to avoid re-running this script phase.\necho \"SUCCESS\" > \"${SCRIPT_OUTPUT_FILE_0}\"\n";
			showEnvVarsInLog = 0;
		};
		93A5A62A61826E98794794FD /* [CP] Embed Pods Frameworks */ = {
			isa = PBXShellScriptBuildPhase;
			buildActionMask = 2147483647;
			files = (
			);
			inputFileListPaths = (
				"${PODS_ROOT}/Target Support Files/Pods-CatsApp-CatsAppUITests/Pods-CatsApp-CatsAppUITests-frameworks-${CONFIGURATION}-input-files.xcfilelist",
			);
			name = "[CP] Embed Pods Frameworks";
			outputFileListPaths = (
				"${PODS_ROOT}/Target Support Files/Pods-CatsApp-CatsAppUITests/Pods-CatsApp-CatsAppUITests-frameworks-${CONFIGURATION}-output-files.xcfilelist",
			);
			runOnlyForDeploymentPostprocessing = 0;
			shellPath = /bin/sh;
			shellScript = "\"${PODS_ROOT}/Target Support Files/Pods-CatsApp-CatsAppUITests/Pods-CatsApp-CatsAppUITests-frameworks.sh\"\n";
			showEnvVarsInLog = 0;
		};
		D2CA54C02995FF0A0063986A /* ShellScript */ = {
			isa = PBXShellScriptBuildPhase;
			buildActionMask = 2147483647;
			files = (
			);
			inputFileListPaths = (
			);
			inputPaths = (
			);
			outputFileListPaths = (
			);
			outputPaths = (
			);
			runOnlyForDeploymentPostprocessing = 0;
			shellPath = /bin/sh;
			shellScript = "# Type a script or drag a script file from your workspace to insert its path.\nif which swiftlint >/dev/null; then\n  swiftlint\nelse\n  echo \"error: SwiftLint does not exist, download it from https://github.com/realm/SwiftLint\"\n  exit 1\nfi\n";
		};
		D4344E9486546360D0F2735D /* [CP] Embed Pods Frameworks */ = {
			isa = PBXShellScriptBuildPhase;
			buildActionMask = 2147483647;
			files = (
			);
			inputFileListPaths = (
				"${PODS_ROOT}/Target Support Files/Pods-CatsApp/Pods-CatsApp-frameworks-${CONFIGURATION}-input-files.xcfilelist",
			);
			name = "[CP] Embed Pods Frameworks";
			outputFileListPaths = (
				"${PODS_ROOT}/Target Support Files/Pods-CatsApp/Pods-CatsApp-frameworks-${CONFIGURATION}-output-files.xcfilelist",
			);
			runOnlyForDeploymentPostprocessing = 0;
			shellPath = /bin/sh;
			shellScript = "\"${PODS_ROOT}/Target Support Files/Pods-CatsApp/Pods-CatsApp-frameworks.sh\"\n";
			showEnvVarsInLog = 0;
		};
		EB14290153E2B3D8A78A7003 /* [CP] Check Pods Manifest.lock */ = {
			isa = PBXShellScriptBuildPhase;
			buildActionMask = 2147483647;
			files = (
			);
			inputFileListPaths = (
			);
			inputPaths = (
				"${PODS_PODFILE_DIR_PATH}/Podfile.lock",
				"${PODS_ROOT}/Manifest.lock",
			);
			name = "[CP] Check Pods Manifest.lock";
			outputFileListPaths = (
			);
			outputPaths = (
				"$(DERIVED_FILE_DIR)/Pods-CatsApp-checkManifestLockResult.txt",
			);
			runOnlyForDeploymentPostprocessing = 0;
			shellPath = /bin/sh;
			shellScript = "diff \"${PODS_PODFILE_DIR_PATH}/Podfile.lock\" \"${PODS_ROOT}/Manifest.lock\" > /dev/null\nif [ $? != 0 ] ; then\n    # print error to STDERR\n    echo \"error: The sandbox is not in sync with the Podfile.lock. Run 'pod install' or update your CocoaPods installation.\" >&2\n    exit 1\nfi\n# This output is used by Xcode 'outputs' to avoid re-running this script phase.\necho \"SUCCESS\" > \"${SCRIPT_OUTPUT_FILE_0}\"\n";
			showEnvVarsInLog = 0;
		};
/* End PBXShellScriptBuildPhase section */

/* Begin PBXSourcesBuildPhase section */
		D2CA545F2994266F0063986A /* Sources */ = {
			isa = PBXSourcesBuildPhase;
			buildActionMask = 2147483647;
			files = (
				D2CA54B5299532CA0063986A /* Breeds.swift in Sources */,
				D2CA54BA29955D180063986A /* NetworkError.swift in Sources */,
				D2CA54A42994913D0063986A /* JSONParameterEncoder.swift in Sources */,
				D2CA54C729962C270063986A /* ModuleBuilder.swift in Sources */,
				D2CA54AB2994BA590063986A /* MainEndPoint.swift in Sources */,
				D2487F792996C9030023788E /* UIExtensions.swift in Sources */,
				D2CA54BC29955EFA0063986A /* BreedImage.swift in Sources */,
				D2CA54A229948F310063986A /* ParameterEncoding.swift in Sources */,
				D2CA549F2994861E0063986A /* HTTPTask.swift in Sources */,
				D2CA54AF29952BF50063986A /* Router.swift in Sources */,
				D2CA54BE29955F4B0063986A /* BreedImageService.swift in Sources */,
				D2CA549B299477B60063986A /* EndPoint.swift in Sources */,
				D2CA546B2994266F0063986A /* BreedsViewController.swift in Sources */,
				D2CA54B8299536460063986A /* APIError.swift in Sources */,
				D2CA54B2299532370063986A /* BreedsService.swift in Sources */,
				D2CA54A6299495540063986A /* URLPameterEncoder.swift in Sources */,
				D2487F742996C52E0023788E /* CatCollectionViewCell.swift in Sources */,
				D2CA54672994266F0063986A /* AppDelegate.swift in Sources */,
				D2CA54C4299625590063986A /* BreedsPresenter.swift in Sources */,
				D2CA54A829949C110063986A /* NetworkRouter.swift in Sources */,
				D2CA549D29947A3B0063986A /* HTTPMethod.swift in Sources */,
				D2CA54692994266F0063986A /* SceneDelegate.swift in Sources */,
			);
			runOnlyForDeploymentPostprocessing = 0;
		};
		D2CA5475299426740063986A /* Sources */ = {
			isa = PBXSourcesBuildPhase;
			buildActionMask = 2147483647;
			files = (
				D2CA547E299426740063986A /* CatsAppTests.swift in Sources */,
			);
			runOnlyForDeploymentPostprocessing = 0;
		};
		D2CA547F299426740063986A /* Sources */ = {
			isa = PBXSourcesBuildPhase;
			buildActionMask = 2147483647;
			files = (
				D2CA5488299426740063986A /* CatsAppUITests.swift in Sources */,
				D2CA548A299426750063986A /* CatsAppUITestsLaunchTests.swift in Sources */,
			);
			runOnlyForDeploymentPostprocessing = 0;
		};
/* End PBXSourcesBuildPhase section */

/* Begin PBXTargetDependency section */
		D2CA547B299426740063986A /* PBXTargetDependency */ = {
			isa = PBXTargetDependency;
			target = D2CA54622994266F0063986A /* CatsApp */;
			targetProxy = D2CA547A299426740063986A /* PBXContainerItemProxy */;
		};
		D2CA5485299426740063986A /* PBXTargetDependency */ = {
			isa = PBXTargetDependency;
			target = D2CA54622994266F0063986A /* CatsApp */;
			targetProxy = D2CA5484299426740063986A /* PBXContainerItemProxy */;
		};
/* End PBXTargetDependency section */

/* Begin PBXVariantGroup section */
		D2CA5471299426730063986A /* LaunchScreen.storyboard */ = {
			isa = PBXVariantGroup;
			children = (
				D2CA5472299426730063986A /* Base */,
			);
			name = LaunchScreen.storyboard;
			sourceTree = "<group>";
		};
/* End PBXVariantGroup section */

/* Begin XCBuildConfiguration section */
		D2CA548B299426750063986A /* Debug */ = {
			isa = XCBuildConfiguration;
			buildSettings = {
				ALWAYS_SEARCH_USER_PATHS = NO;
				CLANG_ANALYZER_NONNULL = YES;
				CLANG_ANALYZER_NUMBER_OBJECT_CONVERSION = YES_AGGRESSIVE;
				CLANG_CXX_LANGUAGE_STANDARD = "gnu++17";
				CLANG_CXX_LIBRARY = "libc++";
				CLANG_ENABLE_MODULES = YES;
				CLANG_ENABLE_OBJC_ARC = YES;
				CLANG_ENABLE_OBJC_WEAK = YES;
				CLANG_WARN_BLOCK_CAPTURE_AUTORELEASING = YES;
				CLANG_WARN_BOOL_CONVERSION = YES;
				CLANG_WARN_COMMA = YES;
				CLANG_WARN_CONSTANT_CONVERSION = YES;
				CLANG_WARN_DEPRECATED_OBJC_IMPLEMENTATIONS = YES;
				CLANG_WARN_DIRECT_OBJC_ISA_USAGE = YES_ERROR;
				CLANG_WARN_DOCUMENTATION_COMMENTS = YES;
				CLANG_WARN_EMPTY_BODY = YES;
				CLANG_WARN_ENUM_CONVERSION = YES;
				CLANG_WARN_INFINITE_RECURSION = YES;
				CLANG_WARN_INT_CONVERSION = YES;
				CLANG_WARN_NON_LITERAL_NULL_CONVERSION = YES;
				CLANG_WARN_OBJC_IMPLICIT_RETAIN_SELF = YES;
				CLANG_WARN_OBJC_LITERAL_CONVERSION = YES;
				CLANG_WARN_OBJC_ROOT_CLASS = YES_ERROR;
				CLANG_WARN_QUOTED_INCLUDE_IN_FRAMEWORK_HEADER = YES;
				CLANG_WARN_RANGE_LOOP_ANALYSIS = YES;
				CLANG_WARN_STRICT_PROTOTYPES = YES;
				CLANG_WARN_SUSPICIOUS_MOVE = YES;
				CLANG_WARN_UNGUARDED_AVAILABILITY = YES_AGGRESSIVE;
				CLANG_WARN_UNREACHABLE_CODE = YES;
				CLANG_WARN__DUPLICATE_METHOD_MATCH = YES;
				COPY_PHASE_STRIP = NO;
				DEBUG_INFORMATION_FORMAT = dwarf;
				ENABLE_STRICT_OBJC_MSGSEND = YES;
				ENABLE_TESTABILITY = YES;
				GCC_C_LANGUAGE_STANDARD = gnu11;
				GCC_DYNAMIC_NO_PIC = NO;
				GCC_NO_COMMON_BLOCKS = YES;
				GCC_OPTIMIZATION_LEVEL = 0;
				GCC_PREPROCESSOR_DEFINITIONS = (
					"DEBUG=1",
					"$(inherited)",
				);
				GCC_WARN_64_TO_32_BIT_CONVERSION = YES;
				GCC_WARN_ABOUT_RETURN_TYPE = YES_ERROR;
				GCC_WARN_UNDECLARED_SELECTOR = YES;
				GCC_WARN_UNINITIALIZED_AUTOS = YES_AGGRESSIVE;
				GCC_WARN_UNUSED_FUNCTION = YES;
				GCC_WARN_UNUSED_VARIABLE = YES;
				IPHONEOS_DEPLOYMENT_TARGET = 15.2;
				MTL_ENABLE_DEBUG_INFO = INCLUDE_SOURCE;
				MTL_FAST_MATH = YES;
				ONLY_ACTIVE_ARCH = YES;
				SDKROOT = iphoneos;
				SWIFT_ACTIVE_COMPILATION_CONDITIONS = DEBUG;
				SWIFT_OPTIMIZATION_LEVEL = "-Onone";
			};
			name = Debug;
		};
		D2CA548C299426750063986A /* Release */ = {
			isa = XCBuildConfiguration;
			buildSettings = {
				ALWAYS_SEARCH_USER_PATHS = NO;
				CLANG_ANALYZER_NONNULL = YES;
				CLANG_ANALYZER_NUMBER_OBJECT_CONVERSION = YES_AGGRESSIVE;
				CLANG_CXX_LANGUAGE_STANDARD = "gnu++17";
				CLANG_CXX_LIBRARY = "libc++";
				CLANG_ENABLE_MODULES = YES;
				CLANG_ENABLE_OBJC_ARC = YES;
				CLANG_ENABLE_OBJC_WEAK = YES;
				CLANG_WARN_BLOCK_CAPTURE_AUTORELEASING = YES;
				CLANG_WARN_BOOL_CONVERSION = YES;
				CLANG_WARN_COMMA = YES;
				CLANG_WARN_CONSTANT_CONVERSION = YES;
				CLANG_WARN_DEPRECATED_OBJC_IMPLEMENTATIONS = YES;
				CLANG_WARN_DIRECT_OBJC_ISA_USAGE = YES_ERROR;
				CLANG_WARN_DOCUMENTATION_COMMENTS = YES;
				CLANG_WARN_EMPTY_BODY = YES;
				CLANG_WARN_ENUM_CONVERSION = YES;
				CLANG_WARN_INFINITE_RECURSION = YES;
				CLANG_WARN_INT_CONVERSION = YES;
				CLANG_WARN_NON_LITERAL_NULL_CONVERSION = YES;
				CLANG_WARN_OBJC_IMPLICIT_RETAIN_SELF = YES;
				CLANG_WARN_OBJC_LITERAL_CONVERSION = YES;
				CLANG_WARN_OBJC_ROOT_CLASS = YES_ERROR;
				CLANG_WARN_QUOTED_INCLUDE_IN_FRAMEWORK_HEADER = YES;
				CLANG_WARN_RANGE_LOOP_ANALYSIS = YES;
				CLANG_WARN_STRICT_PROTOTYPES = YES;
				CLANG_WARN_SUSPICIOUS_MOVE = YES;
				CLANG_WARN_UNGUARDED_AVAILABILITY = YES_AGGRESSIVE;
				CLANG_WARN_UNREACHABLE_CODE = YES;
				CLANG_WARN__DUPLICATE_METHOD_MATCH = YES;
				COPY_PHASE_STRIP = NO;
				DEBUG_INFORMATION_FORMAT = "dwarf-with-dsym";
				ENABLE_NS_ASSERTIONS = NO;
				ENABLE_STRICT_OBJC_MSGSEND = YES;
				GCC_C_LANGUAGE_STANDARD = gnu11;
				GCC_NO_COMMON_BLOCKS = YES;
				GCC_WARN_64_TO_32_BIT_CONVERSION = YES;
				GCC_WARN_ABOUT_RETURN_TYPE = YES_ERROR;
				GCC_WARN_UNDECLARED_SELECTOR = YES;
				GCC_WARN_UNINITIALIZED_AUTOS = YES_AGGRESSIVE;
				GCC_WARN_UNUSED_FUNCTION = YES;
				GCC_WARN_UNUSED_VARIABLE = YES;
				IPHONEOS_DEPLOYMENT_TARGET = 15.2;
				MTL_ENABLE_DEBUG_INFO = NO;
				MTL_FAST_MATH = YES;
				SDKROOT = iphoneos;
				SWIFT_COMPILATION_MODE = wholemodule;
				SWIFT_OPTIMIZATION_LEVEL = "-O";
				VALIDATE_PRODUCT = YES;
			};
			name = Release;
		};
		D2CA548E299426750063986A /* Debug */ = {
			isa = XCBuildConfiguration;
			baseConfigurationReference = E46935F78D802FB207525EE3 /* Pods-CatsApp.debug.xcconfig */;
			buildSettings = {
				ASSETCATALOG_COMPILER_APPICON_NAME = AppIcon;
				ASSETCATALOG_COMPILER_GLOBAL_ACCENT_COLOR_NAME = AccentColor;
				CODE_SIGN_STYLE = Automatic;
				CURRENT_PROJECT_VERSION = 1;
				DEVELOPMENT_TEAM = F5L4362QVT;
				GENERATE_INFOPLIST_FILE = YES;
				INFOPLIST_FILE = CatsApp/Info.plist;
				INFOPLIST_KEY_UIApplicationSupportsIndirectInputEvents = YES;
				INFOPLIST_KEY_UILaunchStoryboardName = LaunchScreen;
				INFOPLIST_KEY_UISupportedInterfaceOrientations = UIInterfaceOrientationPortrait;
				INFOPLIST_KEY_UISupportedInterfaceOrientations_iPad = "UIInterfaceOrientationPortrait UIInterfaceOrientationPortraitUpsideDown UIInterfaceOrientationLandscapeLeft UIInterfaceOrientationLandscapeRight";
				INFOPLIST_KEY_UISupportedInterfaceOrientations_iPhone = "UIInterfaceOrientationPortrait UIInterfaceOrientationLandscapeLeft UIInterfaceOrientationLandscapeRight";
				IPHONEOS_DEPLOYMENT_TARGET = 15.2;
				LD_RUNPATH_SEARCH_PATHS = (
					"$(inherited)",
					"@executable_path/Frameworks",
				);
				MARKETING_VERSION = 1.0;
				PRODUCT_BUNDLE_IDENTIFIER = marat.CatsApp;
				PRODUCT_NAME = "$(TARGET_NAME)";
				SWIFT_EMIT_LOC_STRINGS = YES;
				SWIFT_VERSION = 5.0;
				TARGETED_DEVICE_FAMILY = "1,2";
			};
			name = Debug;
		};
		D2CA548F299426750063986A /* Release */ = {
			isa = XCBuildConfiguration;
			baseConfigurationReference = 36A1B93FE86F2FF83E898769 /* Pods-CatsApp.release.xcconfig */;
			buildSettings = {
				ASSETCATALOG_COMPILER_APPICON_NAME = AppIcon;
				ASSETCATALOG_COMPILER_GLOBAL_ACCENT_COLOR_NAME = AccentColor;
				CODE_SIGN_STYLE = Automatic;
				CURRENT_PROJECT_VERSION = 1;
				DEVELOPMENT_TEAM = F5L4362QVT;
				GENERATE_INFOPLIST_FILE = YES;
				INFOPLIST_FILE = CatsApp/Info.plist;
				INFOPLIST_KEY_UIApplicationSupportsIndirectInputEvents = YES;
				INFOPLIST_KEY_UILaunchStoryboardName = LaunchScreen;
				INFOPLIST_KEY_UISupportedInterfaceOrientations = UIInterfaceOrientationPortrait;
				INFOPLIST_KEY_UISupportedInterfaceOrientations_iPad = "UIInterfaceOrientationPortrait UIInterfaceOrientationPortraitUpsideDown UIInterfaceOrientationLandscapeLeft UIInterfaceOrientationLandscapeRight";
				INFOPLIST_KEY_UISupportedInterfaceOrientations_iPhone = "UIInterfaceOrientationPortrait UIInterfaceOrientationLandscapeLeft UIInterfaceOrientationLandscapeRight";
				IPHONEOS_DEPLOYMENT_TARGET = 15.2;
				LD_RUNPATH_SEARCH_PATHS = (
					"$(inherited)",
					"@executable_path/Frameworks",
				);
				MARKETING_VERSION = 1.0;
				PRODUCT_BUNDLE_IDENTIFIER = marat.CatsApp;
				PRODUCT_NAME = "$(TARGET_NAME)";
				SWIFT_EMIT_LOC_STRINGS = YES;
				SWIFT_VERSION = 5.0;
				TARGETED_DEVICE_FAMILY = "1,2";
			};
			name = Release;
		};
		D2CA5491299426750063986A /* Debug */ = {
			isa = XCBuildConfiguration;
			baseConfigurationReference = A5AFA7753EBCF7FAC87BF561 /* Pods-CatsAppTests.debug.xcconfig */;
			buildSettings = {
				ALWAYS_EMBED_SWIFT_STANDARD_LIBRARIES = YES;
				BUNDLE_LOADER = "$(TEST_HOST)";
				CODE_SIGN_STYLE = Automatic;
				CURRENT_PROJECT_VERSION = 1;
				DEVELOPMENT_TEAM = F5L4362QVT;
				GENERATE_INFOPLIST_FILE = YES;
				IPHONEOS_DEPLOYMENT_TARGET = 15.2;
				MARKETING_VERSION = 1.0;
				PRODUCT_BUNDLE_IDENTIFIER = marat.CatsAppTests;
				PRODUCT_NAME = "$(TARGET_NAME)";
				SWIFT_EMIT_LOC_STRINGS = NO;
				SWIFT_VERSION = 5.0;
				TARGETED_DEVICE_FAMILY = "1,2";
				TEST_HOST = "$(BUILT_PRODUCTS_DIR)/CatsApp.app/CatsApp";
			};
			name = Debug;
		};
		D2CA5492299426750063986A /* Release */ = {
			isa = XCBuildConfiguration;
			baseConfigurationReference = F9015E5D96111AD280F192B0 /* Pods-CatsAppTests.release.xcconfig */;
			buildSettings = {
				ALWAYS_EMBED_SWIFT_STANDARD_LIBRARIES = YES;
				BUNDLE_LOADER = "$(TEST_HOST)";
				CODE_SIGN_STYLE = Automatic;
				CURRENT_PROJECT_VERSION = 1;
				DEVELOPMENT_TEAM = F5L4362QVT;
				GENERATE_INFOPLIST_FILE = YES;
				IPHONEOS_DEPLOYMENT_TARGET = 15.2;
				MARKETING_VERSION = 1.0;
				PRODUCT_BUNDLE_IDENTIFIER = marat.CatsAppTests;
				PRODUCT_NAME = "$(TARGET_NAME)";
				SWIFT_EMIT_LOC_STRINGS = NO;
				SWIFT_VERSION = 5.0;
				TARGETED_DEVICE_FAMILY = "1,2";
				TEST_HOST = "$(BUILT_PRODUCTS_DIR)/CatsApp.app/CatsApp";
			};
			name = Release;
		};
		D2CA5494299426750063986A /* Debug */ = {
			isa = XCBuildConfiguration;
			baseConfigurationReference = B3F55BA96F9FEA2A7D7BDC66 /* Pods-CatsApp-CatsAppUITests.debug.xcconfig */;
			buildSettings = {
				ALWAYS_EMBED_SWIFT_STANDARD_LIBRARIES = YES;
				CODE_SIGN_STYLE = Automatic;
				CURRENT_PROJECT_VERSION = 1;
				DEVELOPMENT_TEAM = F5L4362QVT;
				GENERATE_INFOPLIST_FILE = YES;
				MARKETING_VERSION = 1.0;
				PRODUCT_BUNDLE_IDENTIFIER = marat.CatsAppUITests;
				PRODUCT_NAME = "$(TARGET_NAME)";
				SWIFT_EMIT_LOC_STRINGS = NO;
				SWIFT_VERSION = 5.0;
				TARGETED_DEVICE_FAMILY = "1,2";
				TEST_TARGET_NAME = CatsApp;
			};
			name = Debug;
		};
		D2CA5495299426750063986A /* Release */ = {
			isa = XCBuildConfiguration;
			baseConfigurationReference = 643C13AA7C895E47B052E4A6 /* Pods-CatsApp-CatsAppUITests.release.xcconfig */;
			buildSettings = {
				ALWAYS_EMBED_SWIFT_STANDARD_LIBRARIES = YES;
				CODE_SIGN_STYLE = Automatic;
				CURRENT_PROJECT_VERSION = 1;
				DEVELOPMENT_TEAM = F5L4362QVT;
				GENERATE_INFOPLIST_FILE = YES;
				MARKETING_VERSION = 1.0;
				PRODUCT_BUNDLE_IDENTIFIER = marat.CatsAppUITests;
				PRODUCT_NAME = "$(TARGET_NAME)";
				SWIFT_EMIT_LOC_STRINGS = NO;
				SWIFT_VERSION = 5.0;
				TARGETED_DEVICE_FAMILY = "1,2";
				TEST_TARGET_NAME = CatsApp;
			};
			name = Release;
		};
/* End XCBuildConfiguration section */

/* Begin XCConfigurationList section */
		D2CA545E2994266F0063986A /* Build configuration list for PBXProject "CatsApp" */ = {
			isa = XCConfigurationList;
			buildConfigurations = (
				D2CA548B299426750063986A /* Debug */,
				D2CA548C299426750063986A /* Release */,
			);
			defaultConfigurationIsVisible = 0;
			defaultConfigurationName = Release;
		};
		D2CA548D299426750063986A /* Build configuration list for PBXNativeTarget "CatsApp" */ = {
			isa = XCConfigurationList;
			buildConfigurations = (
				D2CA548E299426750063986A /* Debug */,
				D2CA548F299426750063986A /* Release */,
			);
			defaultConfigurationIsVisible = 0;
			defaultConfigurationName = Release;
		};
		D2CA5490299426750063986A /* Build configuration list for PBXNativeTarget "CatsAppTests" */ = {
			isa = XCConfigurationList;
			buildConfigurations = (
				D2CA5491299426750063986A /* Debug */,
				D2CA5492299426750063986A /* Release */,
			);
			defaultConfigurationIsVisible = 0;
			defaultConfigurationName = Release;
		};
		D2CA5493299426750063986A /* Build configuration list for PBXNativeTarget "CatsAppUITests" */ = {
			isa = XCConfigurationList;
			buildConfigurations = (
				D2CA5494299426750063986A /* Debug */,
				D2CA5495299426750063986A /* Release */,
			);
			defaultConfigurationIsVisible = 0;
			defaultConfigurationName = Release;
		};
/* End XCConfigurationList section */
	};
	rootObject = D2CA545B2994266F0063986A /* Project object */;
}
